
Microsoft Visual Studio Solution File, Format Version 12.00
# Visual Studio 15
VisualStudioVersion = 15.0.28307.705
MinimumVisualStudioVersion = 10.0.40219.1
Project("{FAE04EC0-301F-11D3-BF4B-00C04F79EFBC}") = "WpfTestApp1", "WpfTestApp1\WpfTestApp1.csproj", "{E87ADD21-7A46-4A90-9340-A589C52E73BF}"
EndProject
Global
	GlobalSection(SolutionConfigurationPlatforms) = preSolution
		Debug|Any CPU = Debug|Any CPU
		Release|Any CPU = Release|Any CPU
	EndGlobalSection
	GlobalSection(ProjectConfigurationPlatforms) = postSolution
		{E87ADD21-7A46-4A90-9340-A589C52E73BF}.Debug|Any CPU.ActiveCfg = Debug|Any CPU
		{E87ADD21-7A46-4A90-9340-A589C52E73BF}.Debug|Any CPU.Build.0 = Debug|Any CPU
		{E87ADD21-7A46-4A90-9340-A589C52E73BF}.Release|Any CPU.ActiveCfg = Release|Any CPU
		{E87ADD21-7A46-4A90-9340-A589C52E73BF}.Release|Any CPU.Build.0 = Release|Any CPU
	EndGlobalSection
	GlobalSection(SolutionProperties) = preSolution
		HideSolutionNode = FALSE
	EndGlobalSection
	GlobalSection(ExtensibilityGlobals) = postSolution
		SolutionGuid = {A19A6612-B016-408C-BB82-734E749CEF2A}
	EndGlobalSection
EndGlobal
